// !$*UTF8*$!
{
	archiveVersion = 1;
	classes = {
	};
	objectVersion = 46;
	objects = {

/* Begin PBXBuildFile section */
		B65264A7159E20190015F1B8 /* Red.icns in Resources */ = {isa = PBXBuildFile; fileRef = B65264A6159E20190015F1B8 /* Red.icns */; };
		B6540C9B159E0FFD007BF9DD /* ArchProgressIndicator.m in Sources */ = {isa = PBXBuildFile; fileRef = B6540C9A159E0FFC007BF9DD /* ArchProgressIndicator.m */; };
		B6A336DD159F09FA0055CA70 /* Config.m in Sources */ = {isa = PBXBuildFile; fileRef = B6A336DC159F09FA0055CA70 /* Config.m */; };
		B6A336E0159F1DDE0055CA70 /* PreferencesController.m in Sources */ = {isa = PBXBuildFile; fileRef = B6A336DF159F1DDE0055CA70 /* PreferencesController.m */; };
		B6A336E2159F1DEA0055CA70 /* Preferences.xib in Resources */ = {isa = PBXBuildFile; fileRef = B6A336E1159F1DEA0055CA70 /* Preferences.xib */; };
		B6D020C3159E176F00995071 /* Growl.framework in Frameworks */ = {isa = PBXBuildFile; fileRef = B6D020C2159E176F00995071 /* Growl.framework */; };
		B6D020C5159E177400995071 /* Growl.framework in CopyFiles */ = {isa = PBXBuildFile; fileRef = B6D020C2159E176F00995071 /* Growl.framework */; };
		B6E79370159D8F0B00075F34 /* Cocoa.framework in Frameworks */ = {isa = PBXBuildFile; fileRef = B6E7936F159D8F0B00075F34 /* Cocoa.framework */; };
		B6E7937A159D8F0B00075F34 /* InfoPlist.strings in Resources */ = {isa = PBXBuildFile; fileRef = B6E79378159D8F0B00075F34 /* InfoPlist.strings */; };
		B6E7937C159D8F0B00075F34 /* main.m in Sources */ = {isa = PBXBuildFile; fileRef = B6E7937B159D8F0B00075F34 /* main.m */; };
		B6E79383159D8F0B00075F34 /* AppDelegate.m in Sources */ = {isa = PBXBuildFile; fileRef = B6E79382159D8F0B00075F34 /* AppDelegate.m */; };
		B6E7938E159D906E00075F34 /* FilesDataSource.m in Sources */ = {isa = PBXBuildFile; fileRef = B6E7938D159D906E00075F34 /* FilesDataSource.m */; };
		B6E79394159D91D800075F34 /* App.xib in Resources */ = {isa = PBXBuildFile; fileRef = B6E79393159D91D800075F34 /* App.xib */; };
		B6E7939A159D921800075F34 /* MainView.m in Sources */ = {isa = PBXBuildFile; fileRef = B6E79399159D921800075F34 /* MainView.m */; };
		B6E7939C159DA77500075F34 /* AddressBook.framework in Frameworks */ = {isa = PBXBuildFile; fileRef = B6E7939B159DA77400075F34 /* AddressBook.framework */; };
		B6E7939F159DADDD00075F34 /* SendToDelegate.m in Sources */ = {isa = PBXBuildFile; fileRef = B6E7939E159DADDD00075F34 /* SendToDelegate.m */; };
		B6E793AF159DC4A900075F34 /* Python.framework in Frameworks */ = {isa = PBXBuildFile; fileRef = B6E793AE159DC4A900075F34 /* Python.framework */; };
		B6E793B1159DC53900075F34 /* mail.py in Resources */ = {isa = PBXBuildFile; fileRef = B6E793B0159DC53800075F34 /* mail.py */; };
		B6E793BE159DCC9F00075F34 /* PythonMail.m in Sources */ = {isa = PBXBuildFile; fileRef = B6E793BD159DCC9F00075F34 /* PythonMail.m */; };
/* End PBXBuildFile section */

/* Begin PBXCopyFilesBuildPhase section */
		B6E793B8159DC8A900075F34 /* CopyFiles */ = {
			isa = PBXCopyFilesBuildPhase;
			buildActionMask = 2147483647;
			dstPath = "";
			dstSubfolderSpec = 10;
			files = (
				B6D020C5159E177400995071 /* Growl.framework in CopyFiles */,
			);
			runOnlyForDeploymentPostprocessing = 0;
		};
/* End PBXCopyFilesBuildPhase section */

/* Begin PBXFileReference section */
		B65264A6159E20190015F1B8 /* Red.icns */ = {isa = PBXFileReference; lastKnownFileType = image.icns; path = Red.icns; sourceTree = "<group>"; };
		B6540C99159E0FFC007BF9DD /* ArchProgressIndicator.h */ = {isa = PBXFileReference; fileEncoding = 4; lastKnownFileType = sourcecode.c.h; path = ArchProgressIndicator.h; sourceTree = "<group>"; };
		B6540C9A159E0FFC007BF9DD /* ArchProgressIndicator.m */ = {isa = PBXFileReference; fileEncoding = 4; lastKnownFileType = sourcecode.c.objc; path = ArchProgressIndicator.m; sourceTree = "<group>"; };
		B6A336DB159F09FA0055CA70 /* Config.h */ = {isa = PBXFileReference; fileEncoding = 4; lastKnownFileType = sourcecode.c.h; path = Config.h; sourceTree = "<group>"; };
		B6A336DC159F09FA0055CA70 /* Config.m */ = {isa = PBXFileReference; fileEncoding = 4; lastKnownFileType = sourcecode.c.objc; path = Config.m; sourceTree = "<group>"; };
		B6A336DE159F1DDE0055CA70 /* PreferencesController.h */ = {isa = PBXFileReference; fileEncoding = 4; lastKnownFileType = sourcecode.c.h; path = PreferencesController.h; sourceTree = "<group>"; };
		B6A336DF159F1DDE0055CA70 /* PreferencesController.m */ = {isa = PBXFileReference; fileEncoding = 4; lastKnownFileType = sourcecode.c.objc; path = PreferencesController.m; sourceTree = "<group>"; };
		B6A336E1159F1DEA0055CA70 /* Preferences.xib */ = {isa = PBXFileReference; fileEncoding = 4; lastKnownFileType = file.xib; path = Preferences.xib; sourceTree = "<group>"; };
		B6A9E578159EFAA600B8D612 /* libsbjson-static.a */ = {isa = PBXFileReference; lastKnownFileType = archive.ar; path = "libsbjson-static.a"; sourceTree = SOURCE_ROOT; };
		B6D020C2159E176F00995071 /* Growl.framework */ = {isa = PBXFileReference; lastKnownFileType = wrapper.framework; path = Growl.framework; sourceTree = "<group>"; };
		B6E7936B159D8F0B00075F34 /* EasyMail.app */ = {isa = PBXFileReference; explicitFileType = wrapper.application; includeInIndex = 0; path = EasyMail.app; sourceTree = BUILT_PRODUCTS_DIR; };
		B6E7936F159D8F0B00075F34 /* Cocoa.framework */ = {isa = PBXFileReference; lastKnownFileType = wrapper.framework; name = Cocoa.framework; path = System/Library/Frameworks/Cocoa.framework; sourceTree = SDKROOT; };
		B6E79372159D8F0B00075F34 /* AppKit.framework */ = {isa = PBXFileReference; lastKnownFileType = wrapper.framework; name = AppKit.framework; path = System/Library/Frameworks/AppKit.framework; sourceTree = SDKROOT; };
		B6E79373159D8F0B00075F34 /* CoreData.framework */ = {isa = PBXFileReference; lastKnownFileType = wrapper.framework; name = CoreData.framework; path = System/Library/Frameworks/CoreData.framework; sourceTree = SDKROOT; };
		B6E79374159D8F0B00075F34 /* Foundation.framework */ = {isa = PBXFileReference; lastKnownFileType = wrapper.framework; name = Foundation.framework; path = System/Library/Frameworks/Foundation.framework; sourceTree = SDKROOT; };
		B6E79377159D8F0B00075F34 /* EasyMail-Info.plist */ = {isa = PBXFileReference; lastKnownFileType = text.plist.xml; path = "EasyMail-Info.plist"; sourceTree = "<group>"; };
		B6E79379159D8F0B00075F34 /* en */ = {isa = PBXFileReference; lastKnownFileType = text.plist.strings; name = en; path = en.lproj/InfoPlist.strings; sourceTree = "<group>"; };
		B6E7937B159D8F0B00075F34 /* main.m */ = {isa = PBXFileReference; lastKnownFileType = sourcecode.c.objc; path = main.m; sourceTree = "<group>"; };
		B6E7937D159D8F0B00075F34 /* EasyMail-Prefix.pch */ = {isa = PBXFileReference; lastKnownFileType = sourcecode.c.h; path = "EasyMail-Prefix.pch"; sourceTree = "<group>"; };
		B6E79381159D8F0B00075F34 /* AppDelegate.h */ = {isa = PBXFileReference; lastKnownFileType = sourcecode.c.h; path = AppDelegate.h; sourceTree = "<group>"; };
		B6E79382159D8F0B00075F34 /* AppDelegate.m */ = {isa = PBXFileReference; lastKnownFileType = sourcecode.c.objc; path = AppDelegate.m; sourceTree = "<group>"; };
		B6E7938C159D906E00075F34 /* FilesDataSource.h */ = {isa = PBXFileReference; fileEncoding = 4; lastKnownFileType = sourcecode.c.h; path = FilesDataSource.h; sourceTree = "<group>"; };
		B6E7938D159D906E00075F34 /* FilesDataSource.m */ = {isa = PBXFileReference; fileEncoding = 4; lastKnownFileType = sourcecode.c.objc; path = FilesDataSource.m; sourceTree = "<group>"; };
		B6E79393159D91D800075F34 /* App.xib */ = {isa = PBXFileReference; fileEncoding = 4; lastKnownFileType = file.xib; path = App.xib; sourceTree = "<group>"; };
		B6E79398159D921800075F34 /* MainView.h */ = {isa = PBXFileReference; fileEncoding = 4; lastKnownFileType = sourcecode.c.h; path = MainView.h; sourceTree = "<group>"; };
		B6E79399159D921800075F34 /* MainView.m */ = {isa = PBXFileReference; fileEncoding = 4; lastKnownFileType = sourcecode.c.objc; path = MainView.m; sourceTree = "<group>"; };
		B6E7939B159DA77400075F34 /* AddressBook.framework */ = {isa = PBXFileReference; lastKnownFileType = wrapper.framework; name = AddressBook.framework; path = System/Library/Frameworks/AddressBook.framework; sourceTree = SDKROOT; };
		B6E7939D159DADDD00075F34 /* SendToDelegate.h */ = {isa = PBXFileReference; fileEncoding = 4; lastKnownFileType = sourcecode.c.h; path = SendToDelegate.h; sourceTree = "<group>"; };
		B6E7939E159DADDD00075F34 /* SendToDelegate.m */ = {isa = PBXFileReference; fileEncoding = 4; lastKnownFileType = sourcecode.c.objc; path = SendToDelegate.m; sourceTree = "<group>"; };
		B6E793AE159DC4A900075F34 /* Python.framework */ = {isa = PBXFileReference; lastKnownFileType = wrapper.framework; name = Python.framework; path = System/Library/Frameworks/Python.framework; sourceTree = SDKROOT; };
		B6E793B0159DC53800075F34 /* mail.py */ = {isa = PBXFileReference; fileEncoding = 4; lastKnownFileType = text.script.python; path = mail.py; sourceTree = "<group>"; };
		B6E793B6159DC8A500075F34 /* SBJson.framework */ = {isa = PBXFileReference; lastKnownFileType = wrapper.framework; path = SBJson.framework; sourceTree = "<group>"; };
		B6E793BC159DCC9F00075F34 /* PythonMail.h */ = {isa = PBXFileReference; fileEncoding = 4; lastKnownFileType = sourcecode.c.h; path = PythonMail.h; sourceTree = "<group>"; };
		B6E793BD159DCC9F00075F34 /* PythonMail.m */ = {isa = PBXFileReference; fileEncoding = 4; lastKnownFileType = sourcecode.c.objc; path = PythonMail.m; sourceTree = "<group>"; };
		B6E793C7159DD64600075F34 /* PreferencePanes.framework */ = {isa = PBXFileReference; lastKnownFileType = wrapper.framework; name = PreferencePanes.framework; path = System/Library/Frameworks/PreferencePanes.framework; sourceTree = SDKROOT; };
/* End PBXFileReference section */

/* Begin PBXFrameworksBuildPhase section */
		B6E79368159D8F0B00075F34 /* Frameworks */ = {
			isa = PBXFrameworksBuildPhase;
			buildActionMask = 2147483647;
			files = (
				B6E793AF159DC4A900075F34 /* Python.framework in Frameworks */,
				B6E7939C159DA77500075F34 /* AddressBook.framework in Frameworks */,
				B6E79370159D8F0B00075F34 /* Cocoa.framework in Frameworks */,
				B6D020C3159E176F00995071 /* Growl.framework in Frameworks */,
			);
			runOnlyForDeploymentPostprocessing = 0;
		};
/* End PBXFrameworksBuildPhase section */

/* Begin PBXGroup section */
		B6E6D86A159EFEF10089EE23 /* Interface */ = {
			isa = PBXGroup;
			children = (
				B6A336E1159F1DEA0055CA70 /* Preferences.xib */,
				B6E79393159D91D800075F34 /* App.xib */,
			);
			name = Interface;
			sourceTree = "<group>";
		};
		B6E6D86C159EFF040089EE23 /* Libraries */ = {
			isa = PBXGroup;
			children = (
				B6A9E578159EFAA600B8D612 /* libsbjson-static.a */,
			);
			name = Libraries;
			sourceTree = "<group>";
		};
		B6E6D86D159EFF0E0089EE23 /* Resources */ = {
			isa = PBXGroup;
			children = (
				B6E793B0159DC53800075F34 /* mail.py */,
				B65264A6159E20190015F1B8 /* Red.icns */,
			);
			name = Resources;
			sourceTree = "<group>";
		};
		B6E79360159D8F0B00075F34 = {
			isa = PBXGroup;
			children = (
				B6E79375159D8F0B00075F34 /* EasyMail */,
				B6E7936E159D8F0B00075F34 /* Frameworks */,
				B6E7936C159D8F0B00075F34 /* Products */,
			);
			sourceTree = "<group>";
		};
		B6E7936C159D8F0B00075F34 /* Products */ = {
			isa = PBXGroup;
			children = (
				B6E7936B159D8F0B00075F34 /* EasyMail.app */,
			);
			name = Products;
			sourceTree = "<group>";
		};
		B6E7936E159D8F0B00075F34 /* Frameworks */ = {
			isa = PBXGroup;
			children = (
				B6D020C2159E176F00995071 /* Growl.framework */,
				B6E793B6159DC8A500075F34 /* SBJson.framework */,
				B6E793AE159DC4A900075F34 /* Python.framework */,
				B6E7939B159DA77400075F34 /* AddressBook.framework */,
				B6E7936F159D8F0B00075F34 /* Cocoa.framework */,
				B6E793C7159DD64600075F34 /* PreferencePanes.framework */,
				B6E79371159D8F0B00075F34 /* Other Frameworks */,
			);
			name = Frameworks;
			sourceTree = "<group>";
		};
		B6E79371159D8F0B00075F34 /* Other Frameworks */ = {
			isa = PBXGroup;
			children = (
				B6E79372159D8F0B00075F34 /* AppKit.framework */,
				B6E79373159D8F0B00075F34 /* CoreData.framework */,
				B6E79374159D8F0B00075F34 /* Foundation.framework */,
			);
			name = "Other Frameworks";
			sourceTree = "<group>";
		};
		B6E79375159D8F0B00075F34 /* EasyMail */ = {
			isa = PBXGroup;
			children = (
				B6E6D86D159EFF0E0089EE23 /* Resources */,
				B6E6D86C159EFF040089EE23 /* Libraries */,
				B6E6D86A159EFEF10089EE23 /* Interface */,
				B6E7938F159D907300075F34 /* Classes */,
				B6E79376159D8F0B00075F34 /* Supporting Files */,
			);
			path = EasyMail;
			sourceTree = "<group>";
		};
		B6E79376159D8F0B00075F34 /* Supporting Files */ = {
			isa = PBXGroup;
			children = (
				B6E79377159D8F0B00075F34 /* EasyMail-Info.plist */,
				B6E79378159D8F0B00075F34 /* InfoPlist.strings */,
				B6E7937B159D8F0B00075F34 /* main.m */,
				B6E7937D159D8F0B00075F34 /* EasyMail-Prefix.pch */,
			);
			name = "Supporting Files";
			sourceTree = "<group>";
		};
		B6E7938F159D907300075F34 /* Classes */ = {
			isa = PBXGroup;
			children = (
				B6A336DE159F1DDE0055CA70 /* PreferencesController.h */,
				B6A336DF159F1DDE0055CA70 /* PreferencesController.m */,
				B6E7938C159D906E00075F34 /* FilesDataSource.h */,
				B6E7938D159D906E00075F34 /* FilesDataSource.m */,
				B6E79381159D8F0B00075F34 /* AppDelegate.h */,
				B6E79382159D8F0B00075F34 /* AppDelegate.m */,
				B6E79398159D921800075F34 /* MainView.h */,
				B6E79399159D921800075F34 /* MainView.m */,
				B6E7939D159DADDD00075F34 /* SendToDelegate.h */,
				B6E7939E159DADDD00075F34 /* SendToDelegate.m */,
				B6E793BC159DCC9F00075F34 /* PythonMail.h */,
				B6E793BD159DCC9F00075F34 /* PythonMail.m */,
				B6540C99159E0FFC007BF9DD /* ArchProgressIndicator.h */,
				B6540C9A159E0FFC007BF9DD /* ArchProgressIndicator.m */,
				B6A336DB159F09FA0055CA70 /* Config.h */,
				B6A336DC159F09FA0055CA70 /* Config.m */,
			);
			name = Classes;
			sourceTree = "<group>";
		};
/* End PBXGroup section */

/* Begin PBXNativeTarget section */
		B6E7936A159D8F0B00075F34 /* EasyMail */ = {
			isa = PBXNativeTarget;
			buildConfigurationList = B6E79389159D8F0B00075F34 /* Build configuration list for PBXNativeTarget "EasyMail" */;
			buildPhases = (
				B6E79367159D8F0B00075F34 /* Sources */,
				B6E79368159D8F0B00075F34 /* Frameworks */,
				B6E79369159D8F0B00075F34 /* Resources */,
				B6E793B8159DC8A900075F34 /* CopyFiles */,
			);
			buildRules = (
			);
			dependencies = (
			);
			name = EasyMail;
			productName = EasyMail;
			productReference = B6E7936B159D8F0B00075F34 /* EasyMail.app */;
			productType = "com.apple.product-type.application";
		};
/* End PBXNativeTarget section */

/* Begin PBXProject section */
		B6E79362159D8F0B00075F34 /* Project object */ = {
			isa = PBXProject;
			attributes = {
				LastUpgradeCheck = 0450;
				ORGANIZATIONNAME = "Viktor Kotseruba";
			};
			buildConfigurationList = B6E79365159D8F0B00075F34 /* Build configuration list for PBXProject "EasyMail" */;
			compatibilityVersion = "Xcode 3.2";
			developmentRegion = English;
			hasScannedForEncodings = 0;
			knownRegions = (
				en,
			);
			mainGroup = B6E79360159D8F0B00075F34;
			productRefGroup = B6E7936C159D8F0B00075F34 /* Products */;
			projectDirPath = "";
			projectRoot = "";
			targets = (
				B6E7936A159D8F0B00075F34 /* EasyMail */,
			);
		};
/* End PBXProject section */

/* Begin PBXResourcesBuildPhase section */
		B6E79369159D8F0B00075F34 /* Resources */ = {
			isa = PBXResourcesBuildPhase;
			buildActionMask = 2147483647;
			files = (
				B6E7937A159D8F0B00075F34 /* InfoPlist.strings in Resources */,
				B6E79394159D91D800075F34 /* App.xib in Resources */,
				B6E793B1159DC53900075F34 /* mail.py in Resources */,
				B65264A7159E20190015F1B8 /* Red.icns in Resources */,
				B6A336E2159F1DEA0055CA70 /* Preferences.xib in Resources */,
			);
			runOnlyForDeploymentPostprocessing = 0;
		};
/* End PBXResourcesBuildPhase section */

/* Begin PBXSourcesBuildPhase section */
		B6E79367159D8F0B00075F34 /* Sources */ = {
			isa = PBXSourcesBuildPhase;
			buildActionMask = 2147483647;
			files = (
				B6E7937C159D8F0B00075F34 /* main.m in Sources */,
				B6E79383159D8F0B00075F34 /* AppDelegate.m in Sources */,
				B6E7938E159D906E00075F34 /* FilesDataSource.m in Sources */,
				B6E7939A159D921800075F34 /* MainView.m in Sources */,
				B6E7939F159DADDD00075F34 /* SendToDelegate.m in Sources */,
				B6E793BE159DCC9F00075F34 /* PythonMail.m in Sources */,
				B6540C9B159E0FFD007BF9DD /* ArchProgressIndicator.m in Sources */,
				B6A336DD159F09FA0055CA70 /* Config.m in Sources */,
				B6A336E0159F1DDE0055CA70 /* PreferencesController.m in Sources */,
			);
			runOnlyForDeploymentPostprocessing = 0;
		};
/* End PBXSourcesBuildPhase section */

/* Begin PBXVariantGroup section */
		B6E79378159D8F0B00075F34 /* InfoPlist.strings */ = {
			isa = PBXVariantGroup;
			children = (
				B6E79379159D8F0B00075F34 /* en */,
			);
			name = InfoPlist.strings;
			sourceTree = "<group>";
		};
/* End PBXVariantGroup section */

/* Begin XCBuildConfiguration section */
		B6E79387159D8F0B00075F34 /* Debug */ = {
			isa = XCBuildConfiguration;
			buildSettings = {
				ALWAYS_SEARCH_USER_PATHS = NO;
				ARCHS = "$(ARCHS_STANDARD_64_BIT)";
				CLANG_CXX_LANGUAGE_STANDARD = "gnu++0x";
				CLANG_ENABLE_OBJC_ARC = YES;
				CLANG_WARN__DUPLICATE_METHOD_MATCH = YES;
				COMBINE_HIDPI_IMAGES = YES;
				COPY_PHASE_STRIP = NO;
				GCC_C_LANGUAGE_STANDARD = gnu99;
				GCC_DYNAMIC_NO_PIC = NO;
				GCC_ENABLE_OBJC_EXCEPTIONS = YES;
				GCC_OPTIMIZATION_LEVEL = 0;
				GCC_PREPROCESSOR_DEFINITIONS = (
					"DEBUG=1",
					"$(inherited)",
				);
				GCC_SYMBOLS_PRIVATE_EXTERN = NO;
				GCC_WARN_64_TO_32_BIT_CONVERSION = YES;
				GCC_WARN_ABOUT_RETURN_TYPE = YES;
				GCC_WARN_UNINITIALIZED_AUTOS = YES;
				GCC_WARN_UNUSED_VARIABLE = YES;
				MACOSX_DEPLOYMENT_TARGET = 10.7;
				ONLY_ACTIVE_ARCH = NO;
				SDKROOT = macosx10.7;
			};
			name = Debug;
		};
		B6E79388159D8F0B00075F34 /* Release */ = {
			isa = XCBuildConfiguration;
			buildSettings = {
				ALWAYS_SEARCH_USER_PATHS = NO;
				ARCHS = "$(ARCHS_STANDARD_64_BIT)";
				CLANG_CXX_LANGUAGE_STANDARD = "gnu++0x";
				CLANG_ENABLE_OBJC_ARC = YES;
				CLANG_WARN__DUPLICATE_METHOD_MATCH = YES;
				COMBINE_HIDPI_IMAGES = YES;
				COPY_PHASE_STRIP = YES;
				DEBUG_INFORMATION_FORMAT = dwarf;
				GCC_C_LANGUAGE_STANDARD = gnu99;
				GCC_ENABLE_OBJC_EXCEPTIONS = YES;
				GCC_WARN_64_TO_32_BIT_CONVERSION = YES;
				GCC_WARN_ABOUT_RETURN_TYPE = YES;
				GCC_WARN_UNINITIALIZED_AUTOS = YES;
				GCC_WARN_UNUSED_VARIABLE = YES;
				MACOSX_DEPLOYMENT_TARGET = 10.7;
				ONLY_ACTIVE_ARCH = NO;
				SDKROOT = macosx10.7;
			};
			name = Release;
		};
		B6E7938A159D8F0B00075F34 /* Debug */ = {
			isa = XCBuildConfiguration;
			buildSettings = {
				FRAMEWORK_SEARCH_PATHS = (
					"$(inherited)",
					"\"$(SRCROOT)\"",
				);
				GCC_PRECOMPILE_PREFIX_HEADER = YES;
				GCC_PREFIX_HEADER = "EasyMail/EasyMail-Prefix.pch";
				INFOPLIST_FILE = "EasyMail/EasyMail-Info.plist";
				LIBRARY_SEARCH_PATHS = (
					"$(inherited)",
					"\"$(SRCROOT)\"",
				);
				"OTHER_LDFLAGS[arch=*]" = (
					"-lsbjson-static",
					"-all_load",
					"-ObjC",
				);
				PRODUCT_NAME = "$(TARGET_NAME)";
				WRAPPER_EXTENSION = app;
			};
			name = Debug;
		};
		B6E7938B159D8F0B00075F34 /* Release */ = {
			isa = XCBuildConfiguration;
			buildSettings = {
				FRAMEWORK_SEARCH_PATHS = (
					"$(inherited)",
					"\"$(SRCROOT)\"",
				);
				GCC_PRECOMPILE_PREFIX_HEADER = YES;
				GCC_PREFIX_HEADER = "EasyMail/EasyMail-Prefix.pch";
				INFOPLIST_FILE = "EasyMail/EasyMail-Info.plist";
				LIBRARY_SEARCH_PATHS = (
					"$(inherited)",
					"\"$(SRCROOT)\"",
				);
				"OTHER_LDFLAGS[arch=*]" = (
					"-lsbjson-static",
					"-all_load",
					"-ObjC",
				);
				PRODUCT_NAME = "$(TARGET_NAME)";
				WRAPPER_EXTENSION = app;
			};
			name = Release;
		};
/* End XCBuildConfiguration section */

/* Begin XCConfigurationList section */
		B6E79365159D8F0B00075F34 /* Build configuration list for PBXProject "EasyMail" */ = {
			isa = XCConfigurationList;
			buildConfigurations = (
				B6E79387159D8F0B00075F34 /* Debug */,
				B6E79388159D8F0B00075F34 /* Release */,
			);
			defaultConfigurationIsVisible = 0;
			defaultConfigurationName = Release;
		};
		B6E79389159D8F0B00075F34 /* Build configuration list for PBXNativeTarget "EasyMail" */ = {
			isa = XCConfigurationList;
			buildConfigurations = (
				B6E7938A159D8F0B00075F34 /* Debug */,
				B6E7938B159D8F0B00075F34 /* Release */,
			);
			defaultConfigurationIsVisible = 0;
			defaultConfigurationName = Release;
		};
/* End XCConfigurationList section */
	};
	rootObject = B6E79362159D8F0B00075F34 /* Project object */;
}
